
Microsoft Visual Studio Solution File, Format Version 12.00
# Visual Studio Version 17
VisualStudioVersion = 17.13.35825.156 d17.13
MinimumVisualStudioVersion = 10.0.40219.1
Project("{FAE04EC0-301F-11D3-BF4B-00C04F79EFBC}") = "EmployeeSeriesManagemt", "EmployeeSeriesManagemt\EmployeeSeriesManagemt.csproj", "{4AE36674-0E9D-4DCE-86F3-B417C98E840E}"
EndProject
Project("{FAE04EC0-301F-11D3-BF4B-00C04F79EFBC}") = "EmployeeSerierManagemt.API", "EmployeeSerierManagemt.API\EmployeeSerierManagemt.API.csproj", "{02E5EE14-1897-418C-AAA0-0ACB84B65B6A}"
EndProject
Project("{FAE04EC0-301F-11D3-BF4B-00C04F79EFBC}") = "EmployeeSeriesManagemt.BL", "EmployeeSeriesManagemt.BL\EmployeeSeriesManagemt.BL.csproj", "{EE274021-6472-470E-A262-91AFAEF4CC77}"
EndProject
Project("{FAE04EC0-301F-11D3-BF4B-00C04F79EFBC}") = "EmployeeSeriesManagemt.Repository", "EmployeeSeriesManagemt.Repository\EmployeeSeriesManagemt.Repository.csproj", "{1582EE5B-0FE6-4EE7-97B0-DB8F3F730578}"
EndProject
Project("{FAE04EC0-301F-11D3-BF4B-00C04F79EFBC}") = "EmployeeSeriesManagemtApp.DAL", "EmployeeSeriesManagemtApp.DAL\EmployeeSeriesManagemtApp.DAL.csproj", "{CBE9DC76-6023-4B3A-8867-1E1883E170D8}"
EndProject
Global
	GlobalSection(SolutionConfigurationPlatforms) = preSolution
		Debug|Any CPU = Debug|Any CPU
		Release|Any CPU = Release|Any CPU
	EndGlobalSection
	GlobalSection(ProjectConfigurationPlatforms) = postSolution
		{4AE36674-0E9D-4DCE-86F3-B417C98E840E}.Debug|Any CPU.ActiveCfg = Debug|Any CPU
		{4AE36674-0E9D-4DCE-86F3-B417C98E840E}.Debug|Any CPU.Build.0 = Debug|Any CPU
		{4AE36674-0E9D-4DCE-86F3-B417C98E840E}.Release|Any CPU.ActiveCfg = Release|Any CPU
		{4AE36674-0E9D-4DCE-86F3-B417C98E840E}.Release|Any CPU.Build.0 = Release|Any CPU
		{02E5EE14-1897-418C-AAA0-0ACB84B65B6A}.Debug|Any CPU.ActiveCfg = Debug|Any CPU
		{02E5EE14-1897-418C-AAA0-0ACB84B65B6A}.Debug|Any CPU.Build.0 = Debug|Any CPU
		{02E5EE14-1897-418C-AAA0-0ACB84B65B6A}.Release|Any CPU.ActiveCfg = Release|Any CPU
		{02E5EE14-1897-418C-AAA0-0ACB84B65B6A}.Release|Any CPU.Build.0 = Release|Any CPU
		{EE274021-6472-470E-A262-91AFAEF4CC77}.Debug|Any CPU.ActiveCfg = Debug|Any CPU
		{EE274021-6472-470E-A262-91AFAEF4CC77}.Debug|Any CPU.Build.0 = Debug|Any CPU
		{EE274021-6472-470E-A262-91AFAEF4CC77}.Release|Any CPU.ActiveCfg = Release|Any CPU
		{EE274021-6472-470E-A262-91AFAEF4CC77}.Release|Any CPU.Build.0 = Release|Any CPU
		{1582EE5B-0FE6-4EE7-97B0-DB8F3F730578}.Debug|Any CPU.ActiveCfg = Debug|Any CPU
		{1582EE5B-0FE6-4EE7-97B0-DB8F3F730578}.Debug|Any CPU.Build.0 = Debug|Any CPU
		{1582EE5B-0FE6-4EE7-97B0-DB8F3F730578}.Release|Any CPU.ActiveCfg = Release|Any CPU
		{1582EE5B-0FE6-4EE7-97B0-DB8F3F730578}.Release|Any CPU.Build.0 = Release|Any CPU
		{CBE9DC76-6023-4B3A-8867-1E1883E170D8}.Debug|Any CPU.ActiveCfg = Debug|Any CPU
		{CBE9DC76-6023-4B3A-8867-1E1883E170D8}.Debug|Any CPU.Build.0 = Debug|Any CPU
		{CBE9DC76-6023-4B3A-8867-1E1883E170D8}.Release|Any CPU.ActiveCfg = Release|Any CPU
		{CBE9DC76-6023-4B3A-8867-1E1883E170D8}.Release|Any CPU.Build.0 = Release|Any CPU
	EndGlobalSection
	GlobalSection(SolutionProperties) = preSolution
		HideSolutionNode = FALSE
	EndGlobalSection
	GlobalSection(ExtensibilityGlobals) = postSolution
		SolutionGuid = {52262E61-E046-4908-8108-A13C6209EC1B}
	EndGlobalSection
EndGlobal
